lockfileVersion: 5.4

specifiers:
  webpack: ^5.88.0

devDependencies:
  webpack: registry.npmmirror.com/webpack/5.96.1

packages:

  registry.npmmirror.com/@jridgewell/gen-mapping/0.3.5:
    resolution: {integrity: sha512-IzL8ZoEDIBRWEzlCcRhOaCupYyN5gdIK+Q6fbFdPDg6HqX6jpkItn7DFIpW9LQzXG6Df9sA7+OKnq0qlz/GaQg==, registry: http://registry.npm.taobao.org/, tarball: https://registry.npmmirror.com/@jridgewell/gen-mapping/-/gen-mapping-0.3.5.tgz}
    name: '@jridgewell/gen-mapping'
    version: 0.3.5
    engines: {node: '>=6.0.0'}
    dependencies:
      '@jridgewell/set-array': registry.npmmirror.com/@jridgewell/set-array/1.2.1
      '@jridgewell/sourcemap-codec': registry.npmmirror.com/@jridgewell/sourcemap-codec/1.5.0
      '@jridgewell/trace-mapping': registry.npmmirror.com/@jridgewell/trace-mapping/0.3.25
    dev: true

  registry.npmmirror.com/@jridgewell/resolve-uri/3.1.2:
    resolution: {integrity: sha512-bRISgCIjP20/tbWSPWMEi54QVPRZExkuD9lJL+UIxUKtwVJA8wW1Trb1jMs1RFXo1CBTNZ/5hpC9QvmKWdopKw==, registry: http://registry.npm.taobao.org/, tarball: https://registry.npmmirror.com/@jridgewell/resolve-uri/-/resolve-uri-3.1.2.tgz}
    name: '@jridgewell/resolve-uri'
    version: 3.1.2
    engines: {node: '>=6.0.0'}
    dev: true

  registry.npmmirror.com/@jridgewell/set-array/1.2.1:
    resolution: {integrity: sha512-R8gLRTZeyp03ymzP/6Lil/28tGeGEzhx1q2k703KGWRAI1VdvPIXdG70VJc2pAMw3NA6JKL5hhFu1sJX0Mnn/A==, registry: http://registry.npm.taobao.org/, tarball: https://registry.npmmirror.com/@jridgewell/set-array/-/set-array-1.2.1.tgz}
    name: '@jridgewell/set-array'
    version: 1.2.1
    engines: {node: '>=6.0.0'}
    dev: true

  registry.npmmirror.com/@jridgewell/source-map/0.3.6:
    resolution: {integrity: sha512-1ZJTZebgqllO79ue2bm3rIGud/bOe0pP5BjSRCRxxYkEZS8STV7zN84UBbiYu7jy+eCKSnVIUgoWWE/tt+shMQ==, registry: http://registry.npm.taobao.org/, tarball: https://registry.npmmirror.com/@jridgewell/source-map/-/source-map-0.3.6.tgz}
    name: '@jridgewell/source-map'
    version: 0.3.6
    dependencies:
      '@jridgewell/gen-mapping': registry.npmmirror.com/@jridgewell/gen-mapping/0.3.5
      '@jridgewell/trace-mapping': registry.npmmirror.com/@jridgewell/trace-mapping/0.3.25
    dev: true

  registry.npmmirror.com/@jridgewell/sourcemap-codec/1.5.0:
    resolution: {integrity: sha512-gv3ZRaISU3fjPAgNsriBRqGWQL6quFx04YMPW/zD8XMLsU32mhCCbfbO6KZFLjvYpCZ8zyDEgqsgf+PwPaM7GQ==, registry: http://registry.npm.taobao.org/, tarball: https://registry.npmmirror.com/@jridgewell/sourcemap-codec/-/sourcemap-codec-1.5.0.tgz}
    name: '@jridgewell/sourcemap-codec'
    version: 1.5.0
    dev: true

  registry.npmmirror.com/@jridgewell/trace-mapping/0.3.25:
    resolution: {integrity: sha512-vNk6aEwybGtawWmy/PzwnGDOjCkLWSD2wqvjGGAgOAwCGWySYXfYoxt00IJkTF+8Lb57DwOb3Aa0o9CApepiYQ==, registry: http://registry.npm.taobao.org/, tarball: https://registry.npmmirror.com/@jridgewell/trace-mapping/-/trace-mapping-0.3.25.tgz}
    name: '@jridgewell/trace-mapping'
    version: 0.3.25
    dependencies:
      '@jridgewell/resolve-uri': registry.npmmirror.com/@jridgewell/resolve-uri/3.1.2
      '@jridgewell/sourcemap-codec': registry.npmmirror.com/@jridgewell/sourcemap-codec/1.5.0
    dev: true

  registry.npmmirror.com/@types/eslint-scope/3.7.7:
    resolution: {integrity: sha512-MzMFlSLBqNF2gcHWO0G1vP/YQyfvrxZ0bF+u7mzUdZ1/xK4A4sru+nraZz5i3iEIk1l1uyicaDVTB4QbbEkAYg==, registry: http://registry.npm.taobao.org/, tarball: https://registry.npmmirror.com/@types/eslint-scope/-/eslint-scope-3.7.7.tgz}
    name: '@types/eslint-scope'
    version: 3.7.7
    dependencies:
      '@types/eslint': registry.npmmirror.com/@types/eslint/9.6.1
      '@types/estree': registry.npmmirror.com/@types/estree/1.0.6
    dev: true

  registry.npmmirror.com/@types/eslint/9.6.1:
    resolution: {integrity: sha512-FXx2pKgId/WyYo2jXw63kk7/+TY7u7AziEJxJAnSFzHlqTAS3Ync6SvgYAN/k4/PQpnnVuzoMuVnByKK2qp0ag==, registry: http://registry.npm.taobao.org/, tarball: https://registry.npmmirror.com/@types/eslint/-/eslint-9.6.1.tgz}
    name: '@types/eslint'
    version: 9.6.1
    dependencies:
      '@types/estree': registry.npmmirror.com/@types/estree/1.0.6
      '@types/json-schema': registry.npmmirror.com/@types/json-schema/7.0.15
    dev: true

  registry.npmmirror.com/@types/estree/1.0.6:
    resolution: {integrity: sha512-AYnb1nQyY49te+VRAVgmzfcgjYS91mY5P0TKUDCLEM+gNnA+3T6rWITXRLYCpahpqSQbN5cE+gHpnPyXjHWxcw==, registry: http://registry.npm.taobao.org/, tarball: https://registry.npmmirror.com/@types/estree/-/estree-1.0.6.tgz}
    name: '@types/estree'
    version: 1.0.6
    dev: true

  registry.npmmirror.com/@types/json-schema/7.0.15:
    resolution: {integrity: sha512-5+fP8P8MFNC+AyZCDxrB2pkZFPGzqQWUzpSeuuVLvm8VMcorNYavBqoFcxK8bQz4Qsbn4oUEEem4wDLfcysGHA==, registry: http://registry.npm.taobao.org/, tarball: https://registry.npmmirror.com/@types/json-schema/-/json-schema-7.0.15.tgz}
    name: '@types/json-schema'
    version: 7.0.15
    dev: true

  registry.npmmirror.com/@types/node/22.10.1:
    resolution: {integrity: sha512-qKgsUwfHZV2WCWLAnVP1JqnpE6Im6h3Y0+fYgMTasNQ7V++CBX5OT1as0g0f+OyubbFqhf6XVNIsmN4IIhEgGQ==, registry: http://registry.npm.taobao.org/, tarball: https://registry.npmmirror.com/@types/node/-/node-22.10.1.tgz}
    name: '@types/node'
    version: 22.10.1
    dependencies:
      undici-types: registry.npmmirror.com/undici-types/6.20.0
    dev: true

  registry.npmmirror.com/@webassemblyjs/ast/1.14.1:
    resolution: {integrity: sha512-nuBEDgQfm1ccRp/8bCQrx1frohyufl4JlbMMZ4P1wpeOfDhF6FQkxZJ1b/e+PLwr6X1Nhw6OLme5usuBWYBvuQ==, registry: http://registry.npm.taobao.org/, tarball: https://registry.npmmirror.com/@webassemblyjs/ast/-/ast-1.14.1.tgz}
    name: '@webassemblyjs/ast'
    version: 1.14.1
    dependencies:
      '@webassemblyjs/helper-numbers': registry.npmmirror.com/@webassemblyjs/helper-numbers/1.13.2
      '@webassemblyjs/helper-wasm-bytecode': registry.npmmirror.com/@webassemblyjs/helper-wasm-bytecode/1.13.2
    dev: true

  registry.npmmirror.com/@webassemblyjs/floating-point-hex-parser/1.13.2:
    resolution: {integrity: sha512-6oXyTOzbKxGH4steLbLNOu71Oj+C8Lg34n6CqRvqfS2O71BxY6ByfMDRhBytzknj9yGUPVJ1qIKhRlAwO1AovA==, registry: http://registry.npm.taobao.org/, tarball: https://registry.npmmirror.com/@webassemblyjs/floating-point-hex-parser/-/floating-point-hex-parser-1.13.2.tgz}
    name: '@webassemblyjs/floating-point-hex-parser'
    version: 1.13.2
    dev: true

  registry.npmmirror.com/@webassemblyjs/helper-api-error/1.13.2:
    resolution: {integrity: sha512-U56GMYxy4ZQCbDZd6JuvvNV/WFildOjsaWD3Tzzvmw/mas3cXzRJPMjP83JqEsgSbyrmaGjBfDtV7KDXV9UzFQ==, registry: http://registry.npm.taobao.org/, tarball: https://registry.npmmirror.com/@webassemblyjs/helper-api-error/-/helper-api-error-1.13.2.tgz}
    name: '@webassemblyjs/helper-api-error'
    version: 1.13.2
    dev: true

  registry.npmmirror.com/@webassemblyjs/helper-buffer/1.14.1:
    resolution: {integrity: sha512-jyH7wtcHiKssDtFPRB+iQdxlDf96m0E39yb0k5uJVhFGleZFoNw1c4aeIcVUPPbXUVJ94wwnMOAqUHyzoEPVMA==, registry: http://registry.npm.taobao.org/, tarball: https://registry.npmmirror.com/@webassemblyjs/helper-buffer/-/helper-buffer-1.14.1.tgz}
    name: '@webassemblyjs/helper-buffer'
    version: 1.14.1
    dev: true

  registry.npmmirror.com/@webassemblyjs/helper-numbers/1.13.2:
    resolution: {integrity: sha512-FE8aCmS5Q6eQYcV3gI35O4J789wlQA+7JrqTTpJqn5emA4U2hvwJmvFRC0HODS+3Ye6WioDklgd6scJ3+PLnEA==, registry: http://registry.npm.taobao.org/, tarball: https://registry.npmmirror.com/@webassemblyjs/helper-numbers/-/helper-numbers-1.13.2.tgz}
    name: '@webassemblyjs/helper-numbers'
    version: 1.13.2
    dependencies:
      '@webassemblyjs/floating-point-hex-parser': registry.npmmirror.com/@webassemblyjs/floating-point-hex-parser/1.13.2
      '@webassemblyjs/helper-api-error': registry.npmmirror.com/@webassemblyjs/helper-api-error/1.13.2
      '@xtuc/long': registry.npmmirror.com/@xtuc/long/4.2.2
    dev: true

  registry.npmmirror.com/@webassemblyjs/helper-wasm-bytecode/1.13.2:
    resolution: {integrity: sha512-3QbLKy93F0EAIXLh0ogEVR6rOubA9AoZ+WRYhNbFyuB70j3dRdwH9g+qXhLAO0kiYGlg3TxDV+I4rQTr/YNXkA==, registry: http://registry.npm.taobao.org/, tarball: https://registry.npmmirror.com/@webassemblyjs/helper-wasm-bytecode/-/helper-wasm-bytecode-1.13.2.tgz}
    name: '@webassemblyjs/helper-wasm-bytecode'
    version: 1.13.2
    dev: true

  registry.npmmirror.com/@webassemblyjs/helper-wasm-section/1.14.1:
    resolution: {integrity: sha512-ds5mXEqTJ6oxRoqjhWDU83OgzAYjwsCV8Lo/N+oRsNDmx/ZDpqalmrtgOMkHwxsG0iI//3BwWAErYRHtgn0dZw==, registry: http://registry.npm.taobao.org/, tarball: https://registry.npmmirror.com/@webassemblyjs/helper-wasm-section/-/helper-wasm-section-1.14.1.tgz}
    name: '@webassemblyjs/helper-wasm-section'
    version: 1.14.1
    dependencies:
      '@webassemblyjs/ast': registry.npmmirror.com/@webassemblyjs/ast/1.14.1
      '@webassemblyjs/helper-buffer': registry.npmmirror.com/@webassemblyjs/helper-buffer/1.14.1
      '@webassemblyjs/helper-wasm-bytecode': registry.npmmirror.com/@webassemblyjs/helper-wasm-bytecode/1.13.2
      '@webassemblyjs/wasm-gen': registry.npmmirror.com/@webassemblyjs/wasm-gen/1.14.1
    dev: true

  registry.npmmirror.com/@webassemblyjs/ieee754/1.13.2:
    resolution: {integrity: sha512-4LtOzh58S/5lX4ITKxnAK2USuNEvpdVV9AlgGQb8rJDHaLeHciwG4zlGr0j/SNWlr7x3vO1lDEsuePvtcDNCkw==, registry: http://registry.npm.taobao.org/, tarball: https://registry.npmmirror.com/@webassemblyjs/ieee754/-/ieee754-1.13.2.tgz}
    name: '@webassemblyjs/ieee754'
    version: 1.13.2
    dependencies:
      '@xtuc/ieee754': registry.npmmirror.com/@xtuc/ieee754/1.2.0
    dev: true

  registry.npmmirror.com/@webassemblyjs/leb128/1.13.2:
    resolution: {integrity: sha512-Lde1oNoIdzVzdkNEAWZ1dZ5orIbff80YPdHx20mrHwHrVNNTjNr8E3xz9BdpcGqRQbAEa+fkrCb+fRFTl/6sQw==, registry: http://registry.npm.taobao.org/, tarball: https://registry.npmmirror.com/@webassemblyjs/leb128/-/leb128-1.13.2.tgz}
    name: '@webassemblyjs/leb128'
    version: 1.13.2
    dependencies:
      '@xtuc/long': registry.npmmirror.com/@xtuc/long/4.2.2
    dev: true

  registry.npmmirror.com/@webassemblyjs/utf8/1.13.2:
    resolution: {integrity: sha512-3NQWGjKTASY1xV5m7Hr0iPeXD9+RDobLll3T9d2AO+g3my8xy5peVyjSag4I50mR1bBSN/Ct12lo+R9tJk0NZQ==, registry: http://registry.npm.taobao.org/, tarball: https://registry.npmmirror.com/@webassemblyjs/utf8/-/utf8-1.13.2.tgz}
    name: '@webassemblyjs/utf8'
    version: 1.13.2
    dev: true

  registry.npmmirror.com/@webassemblyjs/wasm-edit/1.14.1:
    resolution: {integrity: sha512-RNJUIQH/J8iA/1NzlE4N7KtyZNHi3w7at7hDjvRNm5rcUXa00z1vRz3glZoULfJ5mpvYhLybmVcwcjGrC1pRrQ==, registry: http://registry.npm.taobao.org/, tarball: https://registry.npmmirror.com/@webassemblyjs/wasm-edit/-/wasm-edit-1.14.1.tgz}
    name: '@webassemblyjs/wasm-edit'
    version: 1.14.1
    dependencies:
      '@webassemblyjs/ast': registry.npmmirror.com/@webassemblyjs/ast/1.14.1
      '@webassemblyjs/helper-buffer': registry.npmmirror.com/@webassemblyjs/helper-buffer/1.14.1
      '@webassemblyjs/helper-wasm-bytecode': registry.npmmirror.com/@webassemblyjs/helper-wasm-bytecode/1.13.2
      '@webassemblyjs/helper-wasm-section': registry.npmmirror.com/@webassemblyjs/helper-wasm-section/1.14.1
      '@webassemblyjs/wasm-gen': registry.npmmirror.com/@webassemblyjs/wasm-gen/1.14.1
      '@webassemblyjs/wasm-opt': registry.npmmirror.com/@webassemblyjs/wasm-opt/1.14.1
      '@webassemblyjs/wasm-parser': registry.npmmirror.com/@webassemblyjs/wasm-parser/1.14.1
      '@webassemblyjs/wast-printer': registry.npmmirror.com/@webassemblyjs/wast-printer/1.14.1
    dev: true

  registry.npmmirror.com/@webassemblyjs/wasm-gen/1.14.1:
    resolution: {integrity: sha512-AmomSIjP8ZbfGQhumkNvgC33AY7qtMCXnN6bL2u2Js4gVCg8fp735aEiMSBbDR7UQIj90n4wKAFUSEd0QN2Ukg==, registry: http://registry.npm.taobao.org/, tarball: https://registry.npmmirror.com/@webassemblyjs/wasm-gen/-/wasm-gen-1.14.1.tgz}
    name: '@webassemblyjs/wasm-gen'
    version: 1.14.1
    dependencies:
      '@webassemblyjs/ast': registry.npmmirror.com/@webassemblyjs/ast/1.14.1
      '@webassemblyjs/helper-wasm-bytecode': registry.npmmirror.com/@webassemblyjs/helper-wasm-bytecode/1.13.2
      '@webassemblyjs/ieee754': registry.npmmirror.com/@webassemblyjs/ieee754/1.13.2
      '@webassemblyjs/leb128': registry.npmmirror.com/@webassemblyjs/leb128/1.13.2
      '@webassemblyjs/utf8': registry.npmmirror.com/@webassemblyjs/utf8/1.13.2
    dev: true

  registry.npmmirror.com/@webassemblyjs/wasm-opt/1.14.1:
    resolution: {integrity: sha512-PTcKLUNvBqnY2U6E5bdOQcSM+oVP/PmrDY9NzowJjislEjwP/C4an2303MCVS2Mg9d3AJpIGdUFIQQWbPds0Sw==, registry: http://registry.npm.taobao.org/, tarball: https://registry.npmmirror.com/@webassemblyjs/wasm-opt/-/wasm-opt-1.14.1.tgz}
    name: '@webassemblyjs/wasm-opt'
    version: 1.14.1
    dependencies:
      '@webassemblyjs/ast': registry.npmmirror.com/@webassemblyjs/ast/1.14.1
      '@webassemblyjs/helper-buffer': registry.npmmirror.com/@webassemblyjs/helper-buffer/1.14.1
      '@webassemblyjs/wasm-gen': registry.npmmirror.com/@webassemblyjs/wasm-gen/1.14.1
      '@webassemblyjs/wasm-parser': registry.npmmirror.com/@webassemblyjs/wasm-parser/1.14.1
    dev: true

  registry.npmmirror.com/@webassemblyjs/wasm-parser/1.14.1:
    resolution: {integrity: sha512-JLBl+KZ0R5qB7mCnud/yyX08jWFw5MsoalJ1pQ4EdFlgj9VdXKGuENGsiCIjegI1W7p91rUlcB/LB5yRJKNTcQ==, registry: http://registry.npm.taobao.org/, tarball: https://registry.npmmirror.com/@webassemblyjs/wasm-parser/-/wasm-parser-1.14.1.tgz}
    name: '@webassemblyjs/wasm-parser'
    version: 1.14.1
    dependencies:
      '@webassemblyjs/ast': registry.npmmirror.com/@webassemblyjs/ast/1.14.1
      '@webassemblyjs/helper-api-error': registry.npmmirror.com/@webassemblyjs/helper-api-error/1.13.2
      '@webassemblyjs/helper-wasm-bytecode': registry.npmmirror.com/@webassemblyjs/helper-wasm-bytecode/1.13.2
      '@webassemblyjs/ieee754': registry.npmmirror.com/@webassemblyjs/ieee754/1.13.2
      '@webassemblyjs/leb128': registry.npmmirror.com/@webassemblyjs/leb128/1.13.2
      '@webassemblyjs/utf8': registry.npmmirror.com/@webassemblyjs/utf8/1.13.2
    dev: true

  registry.npmmirror.com/@webassemblyjs/wast-printer/1.14.1:
    resolution: {integrity: sha512-kPSSXE6De1XOR820C90RIo2ogvZG+c3KiHzqUoO/F34Y2shGzesfqv7o57xrxovZJH/MetF5UjroJ/R/3isoiw==, registry: http://registry.npm.taobao.org/, tarball: https://registry.npmmirror.com/@webassemblyjs/wast-printer/-/wast-printer-1.14.1.tgz}
    name: '@webassemblyjs/wast-printer'
    version: 1.14.1
    dependencies:
      '@webassemblyjs/ast': registry.npmmirror.com/@webassemblyjs/ast/1.14.1
      '@xtuc/long': registry.npmmirror.com/@xtuc/long/4.2.2
    dev: true

  registry.npmmirror.com/@xtuc/ieee754/1.2.0:
    resolution: {integrity: sha512-DX8nKgqcGwsc0eJSqYt5lwP4DH5FlHnmuWWBRy7X0NcaGR0ZtuyeESgMwTYVEtxmsNGY+qit4QYT/MIYTOTPeA==, registry: http://registry.npm.taobao.org/, tarball: https://registry.npmmirror.com/@xtuc/ieee754/-/ieee754-1.2.0.tgz}
    name: '@xtuc/ieee754'
    version: 1.2.0
    dev: true

  registry.npmmirror.com/@xtuc/long/4.2.2:
    resolution: {integrity: sha512-NuHqBY1PB/D8xU6s/thBgOAiAP7HOYDQ32+BFZILJ8ivkUkAHQnWfn6WhL79Owj1qmUnoN/YPhktdIoucipkAQ==, registry: http://registry.npm.taobao.org/, tarball: https://registry.npmmirror.com/@xtuc/long/-/long-4.2.2.tgz}
    name: '@xtuc/long'
    version: 4.2.2
    dev: true

  registry.npmmirror.com/acorn/8.14.0:
    resolution: {integrity: sha512-cl669nCJTZBsL97OF4kUQm5g5hC2uihk0NxY3WENAC0TYdILVkAyHymAntgxGkl7K+t0cXIrH5siy5S4XkFycA==, registry: http://registry.npm.taobao.org/, tarball: https://registry.npmmirror.com/acorn/-/acorn-8.14.0.tgz}
    name: acorn
    version: 8.14.0
    engines: {node: '>=0.4.0'}
    hasBin: true
    dev: true

  registry.npmmirror.com/ajv-keywords/3.5.2_ajv@6.12.6:
    resolution: {integrity: sha512-5p6WTN0DdTGVQk6VjcEju19IgaHudalcfabD7yhDGeA6bcQnmL+CpveLJq/3hvfwd1aof6L386Ougkx6RfyMIQ==, registry: http://registry.npm.taobao.org/, tarball: https://registry.npmmirror.com/ajv-keywords/-/ajv-keywords-3.5.2.tgz}
    id: registry.npmmirror.com/ajv-keywords/3.5.2
    name: ajv-keywords
    version: 3.5.2
    peerDependencies:
      ajv: ^6.9.1
    dependencies:
      ajv: registry.npmmirror.com/ajv/6.12.6
    dev: true

  registry.npmmirror.com/ajv/6.12.6:
    resolution: {integrity: sha512-j3fVLgvTo527anyYyJOGTYJbG+vnnQYvE0m5mmkc1TK+nxAppkCLMIL0aZ4dblVCNoGShhm+kzE4ZUykBoMg4g==, registry: http://registry.npm.taobao.org/, tarball: https://registry.npmmirror.com/ajv/-/ajv-6.12.6.tgz}
    name: ajv
    version: 6.12.6
    dependencies:
      fast-deep-equal: registry.npmmirror.com/fast-deep-equal/3.1.3
      fast-json-stable-stringify: registry.npmmirror.com/fast-json-stable-stringify/2.1.0
      json-schema-traverse: registry.npmmirror.com/json-schema-traverse/0.4.1
      uri-js: registry.npmmirror.com/uri-js/4.4.1
    dev: true

  registry.npmmirror.com/browserslist/4.24.2:
    resolution: {integrity: sha512-ZIc+Q62revdMcqC6aChtW4jz3My3klmCO1fEmINZY/8J3EpBg5/A/D0AKmBveUh6pgoeycoMkVMko84tuYS+Gg==, registry: http://registry.npm.taobao.org/, tarball: https://registry.npmmirror.com/browserslist/-/browserslist-4.24.2.tgz}
    name: browserslist
    version: 4.24.2
    engines: {node: ^6 || ^7 || ^8 || ^9 || ^10 || ^11 || ^12 || >=13.7}
    hasBin: true
    dependencies:
      caniuse-lite: registry.npmmirror.com/caniuse-lite/1.0.30001684
      electron-to-chromium: registry.npmmirror.com/electron-to-chromium/1.5.67
      node-releases: registry.npmmirror.com/node-releases/2.0.18
      update-browserslist-db: registry.npmmirror.com/update-browserslist-db/1.1.1_browserslist@4.24.2
    dev: true

  registry.npmmirror.com/buffer-from/1.1.2:
    resolution: {integrity: sha512-E+XQCRwSbaaiChtv6k6Dwgc+bx+Bs6vuKJHHl5kox/BaKbhiXzqQOwK4cO22yElGp2OCmjwVhT3HmxgyPGnJfQ==, registry: http://registry.npm.taobao.org/, tarball: https://registry.npmmirror.com/buffer-from/-/buffer-from-1.1.2.tgz}
    name: buffer-from
    version: 1.1.2
    dev: true

  registry.npmmirror.com/caniuse-lite/1.0.30001684:
    resolution: {integrity: sha512-G1LRwLIQjBQoyq0ZJGqGIJUXzJ8irpbjHLpVRXDvBEScFJ9b17sgK6vlx0GAJFE21okD7zXl08rRRUfq6HdoEQ==, registry: http://registry.npm.taobao.org/, tarball: https://registry.npmmirror.com/caniuse-lite/-/caniuse-lite-1.0.30001684.tgz}
    name: caniuse-lite
    version: 1.0.30001684
    dev: true

  registry.npmmirror.com/chrome-trace-event/1.0.4:
    resolution: {integrity: sha512-rNjApaLzuwaOTjCiT8lSDdGN1APCiqkChLMJxJPWLunPAt5fy8xgU9/jNOchV84wfIxrA0lRQB7oCT8jrn/wrQ==, registry: http://registry.npm.taobao.org/, tarball: https://registry.npmmirror.com/chrome-trace-event/-/chrome-trace-event-1.0.4.tgz}
    name: chrome-trace-event
    version: 1.0.4
    engines: {node: '>=6.0'}
    dev: true

  registry.npmmirror.com/commander/2.20.3:
    resolution: {integrity: sha512-GpVkmM8vF2vQUkj2LvZmD35JxeJOLCwJ9cUkugyk2nuhbv3+mJvpLYYt+0+USMxE+oj+ey/lJEnhZw75x/OMcQ==, registry: http://registry.npm.taobao.org/, tarball: https://registry.npmmirror.com/commander/-/commander-2.20.3.tgz}
    name: commander
    version: 2.20.3
    dev: true

  registry.npmmirror.com/electron-to-chromium/1.5.67:
    resolution: {integrity: sha512-nz88NNBsD7kQSAGGJyp8hS6xSPtWwqNogA0mjtc2nUYeEf3nURK9qpV18TuBdDmEDgVWotS8Wkzf+V52dSQ/LQ==, registry: http://registry.npm.taobao.org/, tarball: https://registry.npmmirror.com/electron-to-chromium/-/electron-to-chromium-1.5.67.tgz}
    name: electron-to-chromium
    version: 1.5.67
    dev: true

  registry.npmmirror.com/enhanced-resolve/5.17.1:
    resolution: {integrity: sha512-LMHl3dXhTcfv8gM4kEzIUeTQ+7fpdA0l2tUf34BddXPkz2A5xJ5L/Pchd5BL6rdccM9QGvu0sWZzK1Z1t4wwyg==, registry: http://registry.npm.taobao.org/, tarball: https://registry.npmmirror.com/enhanced-resolve/-/enhanced-resolve-5.17.1.tgz}
    name: enhanced-resolve
    version: 5.17.1
    engines: {node: '>=10.13.0'}
    dependencies:
      graceful-fs: registry.npmmirror.com/graceful-fs/4.2.11
      tapable: registry.npmmirror.com/tapable/2.2.1
    dev: true

  registry.npmmirror.com/es-module-lexer/1.5.4:
    resolution: {integrity: sha512-MVNK56NiMrOwitFB7cqDwq0CQutbw+0BvLshJSse0MUNU+y1FC3bUS/AQg7oUng+/wKrrki7JfmwtVHkVfPLlw==, registry: http://registry.npm.taobao.org/, tarball: https://registry.npmmirror.com/es-module-lexer/-/es-module-lexer-1.5.4.tgz}
    name: es-module-lexer
    version: 1.5.4
    dev: true

  registry.npmmirror.com/escalade/3.2.0:
    resolution: {integrity: sha512-WUj2qlxaQtO4g6Pq5c29GTcWGDyd8itL8zTlipgECz3JesAiiOKotd8JU6otB3PACgG6xkJUyVhboMS+bje/jA==, registry: http://registry.npm.taobao.org/, tarball: https://registry.npmmirror.com/escalade/-/escalade-3.2.0.tgz}
    name: escalade
    version: 3.2.0
    engines: {node: '>=6'}
    dev: true

  registry.npmmirror.com/eslint-scope/5.1.1:
    resolution: {integrity: sha512-2NxwbF/hZ0KpepYN0cNbo+FN6XoK7GaHlQhgx/hIZl6Va0bF45RQOOwhLIy8lQDbuCiadSLCBnH2CFYquit5bw==, registry: http://registry.npm.taobao.org/, tarball: https://registry.npmmirror.com/eslint-scope/-/eslint-scope-5.1.1.tgz}
    name: eslint-scope
    version: 5.1.1
    engines: {node: '>=8.0.0'}
    dependencies:
      esrecurse: registry.npmmirror.com/esrecurse/4.3.0
      estraverse: registry.npmmirror.com/estraverse/4.3.0
    dev: true

  registry.npmmirror.com/esrecurse/4.3.0:
    resolution: {integrity: sha512-KmfKL3b6G+RXvP8N1vr3Tq1kL/oCFgn2NYXEtqP8/L3pKapUA4G8cFVaoF3SU323CD4XypR/ffioHmkti6/Tag==, registry: http://registry.npm.taobao.org/, tarball: https://registry.npmmirror.com/esrecurse/-/esrecurse-4.3.0.tgz}
    name: esrecurse
    version: 4.3.0
    engines: {node: '>=4.0'}
    dependencies:
      estraverse: registry.npmmirror.com/estraverse/5.3.0
    dev: true

  registry.npmmirror.com/estraverse/4.3.0:
    resolution: {integrity: sha512-39nnKffWz8xN1BU/2c79n9nB9HDzo0niYUqx6xyqUnyoAnQyyWpOTdZEeiCch8BBu515t4wp9ZmgVfVhn9EBpw==, registry: http://registry.npm.taobao.org/, tarball: https://registry.npmmirror.com/estraverse/-/estraverse-4.3.0.tgz}
    name: estraverse
    version: 4.3.0
    engines: {node: '>=4.0'}
    dev: true

  registry.npmmirror.com/estraverse/5.3.0:
    resolution: {integrity: sha512-MMdARuVEQziNTeJD8DgMqmhwR11BRQ/cBP+pLtYdSTnf3MIO8fFeiINEbX36ZdNlfU/7A9f3gUw49B3oQsvwBA==, registry: http://registry.npm.taobao.org/, tarball: https://registry.npmmirror.com/estraverse/-/estraverse-5.3.0.tgz}
    name: estraverse
    version: 5.3.0
    engines: {node: '>=4.0'}
    dev: true

  registry.npmmirror.com/events/3.3.0:
    resolution: {integrity: sha512-mQw+2fkQbALzQ7V0MY0IqdnXNOeTtP4r0lN9z7AAawCXgqea7bDii20AYrIBrFd/Hx0M2Ocz6S111CaFkUcb0Q==, registry: http://registry.npm.taobao.org/, tarball: https://registry.npmmirror.com/events/-/events-3.3.0.tgz}
    name: events
    version: 3.3.0
    engines: {node: '>=0.8.x'}
    dev: true

  registry.npmmirror.com/fast-deep-equal/3.1.3:
    resolution: {integrity: sha512-f3qQ9oQy9j2AhBe/H9VC91wLmKBCCU/gDOnKNAYG5hswO7BLKj09Hc5HYNz9cGI++xlpDCIgDaitVs03ATR84Q==, registry: http://registry.npm.taobao.org/, tarball: https://registry.npmmirror.com/fast-deep-equal/-/fast-deep-equal-3.1.3.tgz}
    name: fast-deep-equal
    version: 3.1.3
    dev: true

  registry.npmmirror.com/fast-json-stable-stringify/2.1.0:
    resolution: {integrity: sha512-lhd/wF+Lk98HZoTCtlVraHtfh5XYijIjalXck7saUtuanSDyLMxnHhSXEDJqHxD7msR8D0uCmqlkwjCV8xvwHw==, registry: http://registry.npm.taobao.org/, tarball: https://registry.npmmirror.com/fast-json-stable-stringify/-/fast-json-stable-stringify-2.1.0.tgz}
    name: fast-json-stable-stringify
    version: 2.1.0
    dev: true

  registry.npmmirror.com/glob-to-regexp/0.4.1:
    resolution: {integrity: sha512-lkX1HJXwyMcprw/5YUZc2s7DrpAiHB21/V+E1rHUrVNokkvB6bqMzT0VfV6/86ZNabt1k14YOIaT7nDvOX3Iiw==, registry: http://registry.npm.taobao.org/, tarball: https://registry.npmmirror.com/glob-to-regexp/-/glob-to-regexp-0.4.1.tgz}
    name: glob-to-regexp
    version: 0.4.1
    dev: true

  registry.npmmirror.com/graceful-fs/4.2.11:
    resolution: {integrity: sha512-RbJ5/jmFcNNCcDV5o9eTnBLJ/HszWV0P73bc+Ff4nS/rJj+YaS6IGyiOL0VoBYX+l1Wrl3k63h/KrH+nhJ0XvQ==, registry: http://registry.npm.taobao.org/, tarball: https://registry.npmmirror.com/graceful-fs/-/graceful-fs-4.2.11.tgz}
    name: graceful-fs
    version: 4.2.11
    dev: true

  registry.npmmirror.com/has-flag/4.0.0:
    resolution: {integrity: sha512-EykJT/Q1KjTWctppgIAgfSO0tKVuZUjhgMr17kqTumMl6Afv3EISleU7qZUzoXDFTAHTDC4NOoG/ZxU3EvlMPQ==, registry: http://registry.npm.taobao.org/, tarball: https://registry.npmmirror.com/has-flag/-/has-flag-4.0.0.tgz}
    name: has-flag
    version: 4.0.0
    engines: {node: '>=8'}
    dev: true

  registry.npmmirror.com/jest-worker/27.5.1:
    resolution: {integrity: sha512-7vuh85V5cdDofPyxn58nrPjBktZo0u9x1g8WtjQol+jZDaE+fhN+cIvTj11GndBnMnyfrUOG1sZQxCdjKh+DKg==, registry: http://registry.npm.taobao.org/, tarball: https://registry.npmmirror.com/jest-worker/-/jest-worker-27.5.1.tgz}
    name: jest-worker
    version: 27.5.1
    engines: {node: '>= 10.13.0'}
    dependencies:
      '@types/node': registry.npmmirror.com/@types/node/22.10.1
      merge-stream: registry.npmmirror.com/merge-stream/2.0.0
      supports-color: registry.npmmirror.com/supports-color/8.1.1
    dev: true

  registry.npmmirror.com/json-parse-even-better-errors/2.3.1:
    resolution: {integrity: sha512-xyFwyhro/JEof6Ghe2iz2NcXoj2sloNsWr/XsERDK/oiPCfaNhl5ONfp+jQdAZRQQ0IJWNzH9zIZF7li91kh2w==, registry: http://registry.npm.taobao.org/, tarball: https://registry.npmmirror.com/json-parse-even-better-errors/-/json-parse-even-better-errors-2.3.1.tgz}
    name: json-parse-even-better-errors
    version: 2.3.1
    dev: true

  registry.npmmirror.com/json-schema-traverse/0.4.1:
    resolution: {integrity: sha512-xbbCH5dCYU5T8LcEhhuh7HJ88HXuW3qsI3Y0zOZFKfZEHcpWiHU/Jxzk629Brsab/mMiHQti9wMP+845RPe3Vg==, registry: http://registry.npm.taobao.org/, tarball: https://registry.npmmirror.com/json-schema-traverse/-/json-schema-traverse-0.4.1.tgz}
    name: json-schema-traverse
    version: 0.4.1
    dev: true

  registry.npmmirror.com/loader-runner/4.3.0:
    resolution: {integrity: sha512-3R/1M+yS3j5ou80Me59j7F9IMs4PXs3VqRrm0TU3AbKPxlmpoY1TNscJV/oGJXo8qCatFGTfDbY6W6ipGOYXfg==, registry: http://registry.npm.taobao.org/, tarball: https://registry.npmmirror.com/loader-runner/-/loader-runner-4.3.0.tgz}
    name: loader-runner
    version: 4.3.0
    engines: {node: '>=6.11.5'}
    dev: true

  registry.npmmirror.com/merge-stream/2.0.0:
    resolution: {integrity: sha512-abv/qOcuPfk3URPfDzmZU1LKmuw8kT+0nIHvKrKgFrwifol/doWcdA4ZqsWQ8ENrFKkd67Mfpo/LovbIUsbt3w==, registry: http://registry.npm.taobao.org/, tarball: https://registry.npmmirror.com/merge-stream/-/merge-stream-2.0.0.tgz}
    name: merge-stream
    version: 2.0.0
    dev: true

  registry.npmmirror.com/mime-db/1.52.0:
    resolution: {integrity: sha512-sPU4uV7dYlvtWJxwwxHD0PuihVNiE7TyAbQ5SWxDCB9mUYvOgroQOwYQQOKPJ8CIbE+1ETVlOoK1UC2nU3gYvg==, registry: http://registry.npm.taobao.org/, tarball: https://registry.npmmirror.com/mime-db/-/mime-db-1.52.0.tgz}
    name: mime-db
    version: 1.52.0
    engines: {node: '>= 0.6'}
    dev: true

  registry.npmmirror.com/mime-types/2.1.35:
    resolution: {integrity: sha512-ZDY+bPm5zTTF+YpCrAU9nK0UgICYPT0QtT1NZWFv4s++TNkcgVaT0g6+4R2uI4MjQjzysHB1zxuWL50hzaeXiw==, registry: http://registry.npm.taobao.org/, tarball: https://registry.npmmirror.com/mime-types/-/mime-types-2.1.35.tgz}
    name: mime-types
    version: 2.1.35
    engines: {node: '>= 0.6'}
    dependencies:
      mime-db: registry.npmmirror.com/mime-db/1.52.0
    dev: true

  registry.npmmirror.com/neo-async/2.6.2:
    resolution: {integrity: sha512-Yd3UES5mWCSqR+qNT93S3UoYUkqAZ9lLg8a7g9rimsWmYGK8cVToA4/sF3RrshdyV3sAGMXVUmpMYOw+dLpOuw==, registry: http://registry.npm.taobao.org/, tarball: https://registry.npmmirror.com/neo-async/-/neo-async-2.6.2.tgz}
    name: neo-async
    version: 2.6.2
    dev: true

  registry.npmmirror.com/node-releases/2.0.18:
    resolution: {integrity: sha512-d9VeXT4SJ7ZeOqGX6R5EM022wpL+eWPooLI+5UpWn2jCT1aosUQEhQP214x33Wkwx3JQMvIm+tIoVOdodFS40g==, registry: http://registry.npm.taobao.org/, tarball: https://registry.npmmirror.com/node-releases/-/node-releases-2.0.18.tgz}
    name: node-releases
    version: 2.0.18
    dev: true

  registry.npmmirror.com/picocolors/1.1.1:
    resolution: {integrity: sha512-xceH2snhtb5M9liqDsmEw56le376mTZkEX/jEb/RxNFyegNul7eNslCXP9FDj/Lcu0X8KEyMceP2ntpaHrDEVA==, registry: http://registry.npm.taobao.org/, tarball: https://registry.npmmirror.com/picocolors/-/picocolors-1.1.1.tgz}
    name: picocolors
    version: 1.1.1
    dev: true

  registry.npmmirror.com/punycode/2.3.1:
    resolution: {integrity: sha512-vYt7UD1U9Wg6138shLtLOvdAu+8DsC/ilFtEVHcH+wydcSpNE20AfSOduf6MkRFahL5FY7X1oU7nKVZFtfq8Fg==, registry: http://registry.npm.taobao.org/, tarball: https://registry.npmmirror.com/punycode/-/punycode-2.3.1.tgz}
    name: punycode
    version: 2.3.1
    engines: {node: '>=6'}
    dev: true

  registry.npmmirror.com/randombytes/2.1.0:
    resolution: {integrity: sha512-vYl3iOX+4CKUWuxGi9Ukhie6fsqXqS9FE2Zaic4tNFD2N2QQaXOMFbuKK4QmDHC0JO6B1Zp41J0LpT0oR68amQ==, registry: http://registry.npm.taobao.org/, tarball: https://registry.npmmirror.com/randombytes/-/randombytes-2.1.0.tgz}
    name: randombytes
    version: 2.1.0
    dependencies:
      safe-buffer: registry.npmmirror.com/safe-buffer/5.2.1
    dev: true

  registry.npmmirror.com/safe-buffer/5.2.1:
    resolution: {integrity: sha512-rp3So07KcdmmKbGvgaNxQSJr7bGVSVk5S9Eq1F+ppbRo70+YeaDxkw5Dd8NPN+GD6bjnYm2VuPuCXmpuYvmCXQ==, registry: http://registry.npm.taobao.org/, tarball: https://registry.npmmirror.com/safe-buffer/-/safe-buffer-5.2.1.tgz}
    name: safe-buffer
    version: 5.2.1
    dev: true

  registry.npmmirror.com/schema-utils/3.3.0:
    resolution: {integrity: sha512-pN/yOAvcC+5rQ5nERGuwrjLlYvLTbCibnZ1I7B1LaiAz9BRBlE9GMgE/eqV30P7aJQUf7Ddimy/RsbYO/GrVGg==, registry: http://registry.npm.taobao.org/, tarball: https://registry.npmmirror.com/schema-utils/-/schema-utils-3.3.0.tgz}
    name: schema-utils
    version: 3.3.0
    engines: {node: '>= 10.13.0'}
    dependencies:
      '@types/json-schema': registry.npmmirror.com/@types/json-schema/7.0.15
      ajv: registry.npmmirror.com/ajv/6.12.6
      ajv-keywords: registry.npmmirror.com/ajv-keywords/3.5.2_ajv@6.12.6
    dev: true

  registry.npmmirror.com/serialize-javascript/6.0.2:
    resolution: {integrity: sha512-Saa1xPByTTq2gdeFZYLLo+RFE35NHZkAbqZeWNd3BpzppeVisAqpDjcp8dyf6uIvEqJRd46jemmyA4iFIeVk8g==, registry: http://registry.npm.taobao.org/, tarball: https://registry.npmmirror.com/serialize-javascript/-/serialize-javascript-6.0.2.tgz}
    name: serialize-javascript
    version: 6.0.2
    dependencies:
      randombytes: registry.npmmirror.com/randombytes/2.1.0
    dev: true

  registry.npmmirror.com/source-map-support/0.5.21:
    resolution: {integrity: sha512-uBHU3L3czsIyYXKX88fdrGovxdSCoTGDRZ6SYXtSRxLZUzHg5P/66Ht6uoUlHu9EZod+inXhKo3qQgwXUT/y1w==, registry: http://registry.npm.taobao.org/, tarball: https://registry.npmmirror.com/source-map-support/-/source-map-support-0.5.21.tgz}
    name: source-map-support
    version: 0.5.21
    dependencies:
      buffer-from: registry.npmmirror.com/buffer-from/1.1.2
      source-map: registry.npmmirror.com/source-map/0.6.1
    dev: true

  registry.npmmirror.com/source-map/0.6.1:
    resolution: {integrity: sha512-UjgapumWlbMhkBgzT7Ykc5YXUT46F0iKu8SGXq0bcwP5dz/h0Plj6enJqjz1Zbq2l5WaqYnrVbwWOWMyF3F47g==, registry: http://registry.npm.taobao.org/, tarball: https://registry.npmmirror.com/source-map/-/source-map-0.6.1.tgz}
    name: source-map
    version: 0.6.1
    engines: {node: '>=0.10.0'}
    dev: true

  registry.npmmirror.com/supports-color/8.1.1:
    resolution: {integrity: sha512-MpUEN2OodtUzxvKQl72cUF7RQ5EiHsGvSsVG0ia9c5RbWGL2CI4C7EpPS8UTBIplnlzZiNuV56w+FuNxy3ty2Q==, registry: http://registry.npm.taobao.org/, tarball: https://registry.npmmirror.com/supports-color/-/supports-color-8.1.1.tgz}
    name: supports-color
    version: 8.1.1
    engines: {node: '>=10'}
    dependencies:
      has-flag: registry.npmmirror.com/has-flag/4.0.0
    dev: true

  registry.npmmirror.com/tapable/2.2.1:
    resolution: {integrity: sha512-GNzQvQTOIP6RyTfE2Qxb8ZVlNmw0n88vp1szwWRimP02mnTsx3Wtn5qRdqY9w2XduFNUgvOwhNnQsjwCp+kqaQ==, registry: http://registry.npm.taobao.org/, tarball: https://registry.npmmirror.com/tapable/-/tapable-2.2.1.tgz}
    name: tapable
    version: 2.2.1
    engines: {node: '>=6'}
    dev: true

  registry.npmmirror.com/terser-webpack-plugin/5.3.10_webpack@5.96.1:
    resolution: {integrity: sha512-BKFPWlPDndPs+NGGCr1U59t0XScL5317Y0UReNrHaw9/FwhPENlq6bfgs+4yPfyP51vqC1bQ4rp1EfXW5ZSH9w==, registry: http://registry.npm.taobao.org/, tarball: https://registry.npmmirror.com/terser-webpack-plugin/-/terser-webpack-plugin-5.3.10.tgz}
    id: registry.npmmirror.com/terser-webpack-plugin/5.3.10
    name: terser-webpack-plugin
    version: 5.3.10
    engines: {node: '>= 10.13.0'}
    peerDependencies:
      '@swc/core': '*'
      esbuild: '*'
      uglify-js: '*'
      webpack: ^5.1.0
    peerDependenciesMeta:
      '@swc/core':
        optional: true
      esbuild:
        optional: true
      uglify-js:
        optional: true
    dependencies:
      '@jridgewell/trace-mapping': registry.npmmirror.com/@jridgewell/trace-mapping/0.3.25
      jest-worker: registry.npmmirror.com/jest-worker/27.5.1
      schema-utils: registry.npmmirror.com/schema-utils/3.3.0
      serialize-javascript: registry.npmmirror.com/serialize-javascript/6.0.2
      terser: registry.npmmirror.com/terser/5.36.0
      webpack: registry.npmmirror.com/webpack/5.96.1
    dev: true

  registry.npmmirror.com/terser/5.36.0:
    resolution: {integrity: sha512-IYV9eNMuFAV4THUspIRXkLakHnV6XO7FEdtKjf/mDyrnqUg9LnlOn6/RwRvM9SZjR4GUq8Nk8zj67FzVARr74w==, registry: http://registry.npm.taobao.org/, tarball: https://registry.npmmirror.com/terser/-/terser-5.36.0.tgz}
    name: terser
    version: 5.36.0
    engines: {node: '>=10'}
    hasBin: true
    dependencies:
      '@jridgewell/source-map': registry.npmmirror.com/@jridgewell/source-map/0.3.6
      acorn: registry.npmmirror.com/acorn/8.14.0
      commander: registry.npmmirror.com/commander/2.20.3
      source-map-support: registry.npmmirror.com/source-map-support/0.5.21
    dev: true

  registry.npmmirror.com/undici-types/6.20.0:
    resolution: {integrity: sha512-Ny6QZ2Nju20vw1SRHe3d9jVu6gJ+4e3+MMpqu7pqE5HT6WsTSlce++GQmK5UXS8mzV8DSYHrQH+Xrf2jVcuKNg==, registry: http://registry.npm.taobao.org/, tarball: https://registry.npmmirror.com/undici-types/-/undici-types-6.20.0.tgz}
    name: undici-types
    version: 6.20.0
    dev: true

  registry.npmmirror.com/update-browserslist-db/1.1.1_browserslist@4.24.2:
    resolution: {integrity: sha512-R8UzCaa9Az+38REPiJ1tXlImTJXlVfgHZsglwBD/k6nj76ctsH1E3q4doGrukiLQd3sGQYu56r5+lo5r94l29A==, registry: http://registry.npm.taobao.org/, tarball: https://registry.npmmirror.com/update-browserslist-db/-/update-browserslist-db-1.1.1.tgz}
    id: registry.npmmirror.com/update-browserslist-db/1.1.1
    name: update-browserslist-db
    version: 1.1.1
    hasBin: true
    peerDependencies:
      browserslist: '>= 4.21.0'
    dependencies:
      browserslist: registry.npmmirror.com/browserslist/4.24.2
      escalade: registry.npmmirror.com/escalade/3.2.0
      picocolors: registry.npmmirror.com/picocolors/1.1.1
    dev: true

  registry.npmmirror.com/uri-js/4.4.1:
    resolution: {integrity: sha512-7rKUyy33Q1yc98pQ1DAmLtwX109F7TIfWlW1Ydo8Wl1ii1SeHieeh0HHfPeL2fMXK6z0s8ecKs9frCuLJvndBg==, registry: http://registry.npm.taobao.org/, tarball: https://registry.npmmirror.com/uri-js/-/uri-js-4.4.1.tgz}
    name: uri-js
    version: 4.4.1
    dependencies:
      punycode: registry.npmmirror.com/punycode/2.3.1
    dev: true

  registry.npmmirror.com/watchpack/2.4.2:
    resolution: {integrity: sha512-TnbFSbcOCcDgjZ4piURLCbJ3nJhznVh9kw6F6iokjiFPl8ONxe9A6nMDVXDiNbrSfLILs6vB07F7wLBrwPYzJw==, registry: http://registry.npm.taobao.org/, tarball: https://registry.npmmirror.com/watchpack/-/watchpack-2.4.2.tgz}
    name: watchpack
    version: 2.4.2
    engines: {node: '>=10.13.0'}
    dependencies:
      glob-to-regexp: registry.npmmirror.com/glob-to-regexp/0.4.1
      graceful-fs: registry.npmmirror.com/graceful-fs/4.2.11
    dev: true

  registry.npmmirror.com/webpack-sources/3.2.3:
    resolution: {integrity: sha512-/DyMEOrDgLKKIG0fmvtz+4dUX/3Ghozwgm6iPp8KRhvn+eQf9+Q7GWxVNMk3+uCPWfdXYC4ExGBckIXdFEfH1w==, registry: http://registry.npm.taobao.org/, tarball: https://registry.npmmirror.com/webpack-sources/-/webpack-sources-3.2.3.tgz}
    name: webpack-sources
    version: 3.2.3
    engines: {node: '>=10.13.0'}
    dev: true

  registry.npmmirror.com/webpack/5.96.1:
    resolution: {integrity: sha512-l2LlBSvVZGhL4ZrPwyr8+37AunkcYj5qh8o6u2/2rzoPc8gxFJkLj1WxNgooi9pnoc06jh0BjuXnamM4qlujZA==, registry: http://registry.npm.taobao.org/, tarball: https://registry.npmmirror.com/webpack/-/webpack-5.96.1.tgz}
    name: webpack
    version: 5.96.1
    engines: {node: '>=10.13.0'}
    hasBin: true
    peerDependencies:
      webpack-cli: '*'
    peerDependenciesMeta:
      webpack-cli:
        optional: true
    dependencies:
      '@types/eslint-scope': registry.npmmirror.com/@types/eslint-scope/3.7.7
      '@types/estree': registry.npmmirror.com/@types/estree/1.0.6
      '@webassemblyjs/ast': registry.npmmirror.com/@webassemblyjs/ast/1.14.1
      '@webassemblyjs/wasm-edit': registry.npmmirror.com/@webassemblyjs/wasm-edit/1.14.1
      '@webassemblyjs/wasm-parser': registry.npmmirror.com/@webassemblyjs/wasm-parser/1.14.1
      acorn: registry.npmmirror.com/acorn/8.14.0
      browserslist: registry.npmmirror.com/browserslist/4.24.2
      chrome-trace-event: registry.npmmirror.com/chrome-trace-event/1.0.4
      enhanced-resolve: registry.npmmirror.com/enhanced-resolve/5.17.1
      es-module-lexer: registry.npmmirror.com/es-module-lexer/1.5.4
      eslint-scope: registry.npmmirror.com/eslint-scope/5.1.1
      events: registry.npmmirror.com/events/3.3.0
      glob-to-regexp: registry.npmmirror.com/glob-to-regexp/0.4.1
      graceful-fs: registry.npmmirror.com/graceful-fs/4.2.11
      json-parse-even-better-errors: registry.npmmirror.com/json-parse-even-better-errors/2.3.1
      loader-runner: registry.npmmirror.com/loader-runner/4.3.0
      mime-types: registry.npmmirror.com/mime-types/2.1.35
      neo-async: registry.npmmirror.com/neo-async/2.6.2
      schema-utils: registry.npmmirror.com/schema-utils/3.3.0
      tapable: registry.npmmirror.com/tapable/2.2.1
      terser-webpack-plugin: registry.npmmirror.com/terser-webpack-plugin/5.3.10_webpack@5.96.1
      watchpack: registry.npmmirror.com/watchpack/2.4.2
      webpack-sources: registry.npmmirror.com/webpack-sources/3.2.3
    transitivePeerDependencies:
      - '@swc/core'
      - esbuild
      - uglify-js
    dev: true
